
Microsoft Visual Studio Solution File, Format Version 12.00
# Visual Studio Version 16
VisualStudioVersion = 16.0.30320.27
MinimumVisualStudioVersion = 10.0.40219.1
Project("{FAE04EC0-301F-11D3-BF4B-00C04F79EFBC}") = "Laboratory_Work_1", "Laboratory_Work_1\Laboratory_Work_1.csproj", "{B1D79402-3861-4C37-AF6C-FB188A41EE95}"
EndProject
Global
	GlobalSection(SolutionConfigurationPlatforms) = preSolution
		Debug|Any CPU = Debug|Any CPU
		Release|Any CPU = Release|Any CPU
	EndGlobalSection
	GlobalSection(ProjectConfigurationPlatforms) = postSolution
		{B1D79402-3861-4C37-AF6C-FB188A41EE95}.Debug|Any CPU.ActiveCfg = Debug|Any CPU
		{B1D79402-3861-4C37-AF6C-FB188A41EE95}.Debug|Any CPU.Build.0 = Debug|Any CPU
		{B1D79402-3861-4C37-AF6C-FB188A41EE95}.Release|Any CPU.ActiveCfg = Release|Any CPU
		{B1D79402-3861-4C37-AF6C-FB188A41EE95}.Release|Any CPU.Build.0 = Release|Any CPU
	EndGlobalSection
	GlobalSection(SolutionProperties) = preSolution
		HideSolutionNode = FALSE
	EndGlobalSection
	GlobalSection(ExtensibilityGlobals) = postSolution
		SolutionGuid = {5C6014A3-5C3C-43D4-81B0-C0927290B77E}
	EndGlobalSection
EndGlobal
